schema: '2.0'
stages:
  get_data:
    cmd: python src/getdata.py
    deps:
    - path: src/getdata.py
      md5: 455b36a5ccb0410f00f8cbc9d83a2277
      size: 325
    outs:
    - path: output/getdata/data.tsv
      md5: 176b7c728fe952e5d73c3b950299163f
      size: 59078
  preprocess:
    cmd: python src/preprocessing.py
    deps:
    - path: output/getdata
      md5: d67b6e180d525407d36234d7b89b856d.dir
      size: 59089
      nfiles: 2
    - path: src/preprocessing.py
      md5: 9c31efec302da1b504b182d910cdea17
      size: 1801
    outs:
    - path: output/preprocess
      md5: 6a2ec01130af876ebb84005c195641df.dir
      size: 10265972
      nfiles: 5
  train:
    cmd: python src/train.py
    deps:
    - path: output/preprocess
      md5: 6a2ec01130af876ebb84005c195641df.dir
      size: 10265972
      nfiles: 5
    - path: src/train.py
      md5: 22cb8ffd2f5d7298f7de141d177fc380
      size: 674
    outs:
    - path: output/train
      md5: 52f41d69e8107a63d16ef095ddfa181e.dir
      size: 46215
      nfiles: 1
  evaluate:
    cmd: python src/evaluate.py
    deps:
    - path: output/train
      md5: 52f41d69e8107a63d16ef095ddfa181e.dir
      size: 46215
      nfiles: 1
    - path: src/evaluate.py
      md5: cc6e4ca9c67082df68481c546cf6cc76
      size: 924
    outs:
    - path: output/evaluate
      md5: caf6180e08dfcbc8e7cd497ba1b88dbd.dir
      size: 181
      nfiles: 1
    - path: output/metrics/metrics.json
      md5: cd6f5fb4cb9281088914cac59ba8be5c
      size: 32
